// !$*UTF8*$!
{
	archiveVersion = 1;
	classes = {
	};
	objectVersion = 54;
	objects = {

/* Begin PBXBuildFile section */
		00E356F31AD99517003FC87E /* UiDesignTests.m in Sources */ = {isa = PBXBuildFile; fileRef = 00E356F21AD99517003FC87E /* UiDesignTests.m */; };
		0C80B921A6F3F58F76C31292 /* libPods-UiDesign.a in Frameworks */ = {isa = PBXBuildFile; fileRef = 5DCACB8F33CDC322A6C60F78 /* libPods-UiDesign.a */; };
		13B07FBC1A68108700A75B9A /* AppDelegate.mm in Sources */ = {isa = PBXBuildFile; fileRef = 13B07FB01A68108700A75B9A /* AppDelegate.mm */; };
		13B07FBF1A68108700A75B9A /* Images.xcassets in Resources */ = {isa = PBXBuildFile; fileRef = 13B07FB51A68108700A75B9A /* Images.xcassets */; };
		13B07FC11A68108700A75B9A /* main.m in Sources */ = {isa = PBXBuildFile; fileRef = 13B07FB71A68108700A75B9A /* main.m */; };
		7699B88040F8A987B510C191 /* libPods-UiDesign-UiDesignTests.a in Frameworks */ = {isa = PBXBuildFile; fileRef = 19F6CBCC0A4E27FBF8BF4A61 /* libPods-UiDesign-UiDesignTests.a */; };
		81AB9BB82411601600AC10FF /* LaunchScreen.storyboard in Resources */ = {isa = PBXBuildFile; fileRef = 81AB9BB72411601600AC10FF /* LaunchScreen.storyboard */; };
		448089A770C942E28A4D9F26 /* Biryani-Black.ttf in Resources */ = {isa = PBXBuildFile; fileRef = 9C67F47512634427962A559E /* Biryani-Black.ttf */; };
		58849BB5963A4CB4874AD61E /* Biryani-Bold.ttf in Resources */ = {isa = PBXBuildFile; fileRef = 7CB45B474C0B4E83A2F85AE6 /* Biryani-Bold.ttf */; };
		D473F5E4696B46978BE7A316 /* Biryani-ExtraBold.ttf in Resources */ = {isa = PBXBuildFile; fileRef = 5E7686C0E42D4224B834E901 /* Biryani-ExtraBold.ttf */; };
		601E917ABD4041A29559623E /* Biryani-ExtraLight.ttf in Resources */ = {isa = PBXBuildFile; fileRef = DE711A348DEF405EB43D5B13 /* Biryani-ExtraLight.ttf */; };
		BFFDBADFE8C34DB29C8E7DD7 /* Biryani-Light.ttf in Resources */ = {isa = PBXBuildFile; fileRef = 20822CB071B14E1E977BFD34 /* Biryani-Light.ttf */; };
		39E07B8487A6449CBD744B47 /* Biryani-Regular.ttf in Resources */ = {isa = PBXBuildFile; fileRef = AE50A860AC014DFD827ECBC7 /* Biryani-Regular.ttf */; };
		AA1346A04FED40A7B1FD9213 /* Biryani-SemiBold.ttf in Resources */ = {isa = PBXBuildFile; fileRef = 60FC2E827210424B892766EB /* Biryani-SemiBold.ttf */; };
		63DB1B7766614AD2863DB70D /* Montserrat-Black.ttf in Resources */ = {isa = PBXBuildFile; fileRef = DA29314F1FFA45EE8C5132D9 /* Montserrat-Black.ttf */; };
		B8DA7E64A878403E91C9FD98 /* Montserrat-BlackItalic.ttf in Resources */ = {isa = PBXBuildFile; fileRef = 8F3CA946057D4F9C98FF1D3E /* Montserrat-BlackItalic.ttf */; };
		9835EBE91E054583835B7E38 /* Montserrat-Bold.ttf in Resources */ = {isa = PBXBuildFile; fileRef = B8679428C6C34FCD96410D19 /* Montserrat-Bold.ttf */; };
		114E6F01D76B4216BF9447FE /* Montserrat-BoldItalic.ttf in Resources */ = {isa = PBXBuildFile; fileRef = 5893900790B24F69B3FAE617 /* Montserrat-BoldItalic.ttf */; };
		EA3A84D48EB8485F90510DB1 /* Montserrat-ExtraBold.ttf in Resources */ = {isa = PBXBuildFile; fileRef = 2A103BB418E84101BB9E73D0 /* Montserrat-ExtraBold.ttf */; };
		E7B870DBF7354236B26FCC39 /* Montserrat-ExtraBoldItalic.ttf in Resources */ = {isa = PBXBuildFile; fileRef = 5C8AB69311E349E4B836534F /* Montserrat-ExtraBoldItalic.ttf */; };
		625C012BFC28453FA3F9C9EA /* Montserrat-ExtraLight.ttf in Resources */ = {isa = PBXBuildFile; fileRef = 0F72673EEBE64D1E9A05765B /* Montserrat-ExtraLight.ttf */; };
		8799F94884974213831DE3FC /* Montserrat-ExtraLightItalic.ttf in Resources */ = {isa = PBXBuildFile; fileRef = 04B536DA465544D78D52678E /* Montserrat-ExtraLightItalic.ttf */; };
		4F46B1A10D21430A9B01E0C4 /* Montserrat-Italic.ttf in Resources */ = {isa = PBXBuildFile; fileRef = 4E8F694002EB497EA154F5A0 /* Montserrat-Italic.ttf */; };
		2736B90ECBFA49AEAC72292A /* Montserrat-Light.ttf in Resources */ = {isa = PBXBuildFile; fileRef = 40218058BB70458C868BB4E2 /* Montserrat-Light.ttf */; };
		795C10F51B624C93B4E87B85 /* Montserrat-LightItalic.ttf in Resources */ = {isa = PBXBuildFile; fileRef = 13C6ACE3C44F4B9BBD907A46 /* Montserrat-LightItalic.ttf */; };
		23AA99AA711D480F9316C356 /* Montserrat-Medium.ttf in Resources */ = {isa = PBXBuildFile; fileRef = FCE4434DD361436EB3C625E9 /* Montserrat-Medium.ttf */; };
		BE2BBB9564FE4441B38DCC83 /* Montserrat-MediumItalic.ttf in Resources */ = {isa = PBXBuildFile; fileRef = 41B06E1F3E96489EB9C8D43A /* Montserrat-MediumItalic.ttf */; };
		633CE957D9014B1C8A9BF857 /* Montserrat-Regular.ttf in Resources */ = {isa = PBXBuildFile; fileRef = 983EEE55CD6D44E29734DF56 /* Montserrat-Regular.ttf */; };
		EDB3E4AF8019459E8679216E /* Montserrat-SemiBold.ttf in Resources */ = {isa = PBXBuildFile; fileRef = B6AE0C4DC1BA405FA1B77647 /* Montserrat-SemiBold.ttf */; };
		D5298C3D46F54A15A06A878F /* Montserrat-SemiBoldItalic.ttf in Resources */ = {isa = PBXBuildFile; fileRef = 984513D44247416382AA6FB7 /* Montserrat-SemiBoldItalic.ttf */; };
		5FBD8DAB22444B5CB4E1B59A /* Montserrat-Thin.ttf in Resources */ = {isa = PBXBuildFile; fileRef = FFF98EC772CE485B8CCD852F /* Montserrat-Thin.ttf */; };
		83043B51ECA34762BC160139 /* Montserrat-ThinItalic.ttf in Resources */ = {isa = PBXBuildFile; fileRef = A047B06E0DB44AAA86FCE263 /* Montserrat-ThinItalic.ttf */; };
		AAAA6B4019074DC9AACF887D /* Poppins-Black.ttf in Resources */ = {isa = PBXBuildFile; fileRef = BFFAD71C6965495CA35B9B6B /* Poppins-Black.ttf */; };
		C60478BF25794B968CD70E10 /* Poppins-BlackItalic.ttf in Resources */ = {isa = PBXBuildFile; fileRef = F955020D4763488E9F0D9EBA /* Poppins-BlackItalic.ttf */; };
		815DCEE608DA42FE93D3B3BB /* Poppins-Bold.ttf in Resources */ = {isa = PBXBuildFile; fileRef = DE31389BC0AA480FBDDD7465 /* Poppins-Bold.ttf */; };
		38BCABFCBF6449768CA4DD03 /* Poppins-BoldItalic.ttf in Resources */ = {isa = PBXBuildFile; fileRef = 449CF121B8574F60AEA524A0 /* Poppins-BoldItalic.ttf */; };
		563A9F2780BC42678E59B05E /* Poppins-ExtraBold.ttf in Resources */ = {isa = PBXBuildFile; fileRef = 7E87893B0D964FD394A7008F /* Poppins-ExtraBold.ttf */; };
		08F17A3E657A42978C7A4373 /* Poppins-ExtraBoldItalic.ttf in Resources */ = {isa = PBXBuildFile; fileRef = DE51201AC89A46259733A7B6 /* Poppins-ExtraBoldItalic.ttf */; };
		5E715F6A8A2848838585E404 /* Poppins-ExtraLight.ttf in Resources */ = {isa = PBXBuildFile; fileRef = A1C45DB897B04EE18AA5E453 /* Poppins-ExtraLight.ttf */; };
		9169EACCFCCD46509699B3A3 /* Poppins-ExtraLightItalic.ttf in Resources */ = {isa = PBXBuildFile; fileRef = 640F909AF23648888954B6C0 /* Poppins-ExtraLightItalic.ttf */; };
		2F84E872B1C643159F6AF702 /* Poppins-Italic.ttf in Resources */ = {isa = PBXBuildFile; fileRef = E5ED6116B59D4E91A6745B77 /* Poppins-Italic.ttf */; };
		810AF5A20E5B4CA9A2FD2C34 /* Poppins-Light.ttf in Resources */ = {isa = PBXBuildFile; fileRef = AE406EEA110B40CFB144E5E0 /* Poppins-Light.ttf */; };
		E4C2AE33EEBD47C6B8A9D8F6 /* Poppins-LightItalic.ttf in Resources */ = {isa = PBXBuildFile; fileRef = A1E08E69A27C46979EB3692D /* Poppins-LightItalic.ttf */; };
		67B699591EC24E7EBD7F8286 /* Poppins-Medium.ttf in Resources */ = {isa = PBXBuildFile; fileRef = 65FDB07915BC470F86963AED /* Poppins-Medium.ttf */; };
		C7F01B314B8E45F8A3BCC619 /* Poppins-MediumItalic.ttf in Resources */ = {isa = PBXBuildFile; fileRef = E77F6C979A21460482FDCB83 /* Poppins-MediumItalic.ttf */; };
		FE70FF2607A34792A3EE7B0D /* Poppins-Regular.ttf in Resources */ = {isa = PBXBuildFile; fileRef = 5691F7FD76B4457BAF39D415 /* Poppins-Regular.ttf */; };
		07B7466B044A420782DC8AF3 /* Poppins-SemiBold.ttf in Resources */ = {isa = PBXBuildFile; fileRef = BD75B3B17CAF4C1FACB62B68 /* Poppins-SemiBold.ttf */; };
		B9DF522466EB439BB209B6F1 /* Poppins-SemiBoldItalic.ttf in Resources */ = {isa = PBXBuildFile; fileRef = FB236F3CC1AF4565BB6EDB9F /* Poppins-SemiBoldItalic.ttf */; };
		4D776E9A4B9C44BDB9FD7108 /* Poppins-Thin.ttf in Resources */ = {isa = PBXBuildFile; fileRef = 2181538797D64E5B93835327 /* Poppins-Thin.ttf */; };
		42B4CCA543ED4540B48C121D /* Poppins-ThinItalic.ttf in Resources */ = {isa = PBXBuildFile; fileRef = 36638E2DC2A14B22B9427E18 /* Poppins-ThinItalic.ttf */; };
/* End PBXBuildFile section */

/* Begin PBXContainerItemProxy section */
		00E356F41AD99517003FC87E /* PBXContainerItemProxy */ = {
			isa = PBXContainerItemProxy;
			containerPortal = 83CBB9F71A601CBA00E9B192 /* Project object */;
			proxyType = 1;
			remoteGlobalIDString = 13B07F861A680F5B00A75B9A;
			remoteInfo = UiDesign;
		};
/* End PBXContainerItemProxy section */

/* Begin PBXFileReference section */
		00E356EE1AD99517003FC87E /* UiDesignTests.xctest */ = {isa = PBXFileReference; explicitFileType = wrapper.cfbundle; includeInIndex = 0; path = UiDesignTests.xctest; sourceTree = BUILT_PRODUCTS_DIR; };
		00E356F11AD99517003FC87E /* Info.plist */ = {isa = PBXFileReference; lastKnownFileType = text.plist.xml; path = Info.plist; sourceTree = "<group>"; };
		00E356F21AD99517003FC87E /* UiDesignTests.m */ = {isa = PBXFileReference; lastKnownFileType = sourcecode.c.objc; path = UiDesignTests.m; sourceTree = "<group>"; };
		13B07F961A680F5B00A75B9A /* UiDesign.app */ = {isa = PBXFileReference; explicitFileType = wrapper.application; includeInIndex = 0; path = UiDesign.app; sourceTree = BUILT_PRODUCTS_DIR; };
		13B07FAF1A68108700A75B9A /* AppDelegate.h */ = {isa = PBXFileReference; fileEncoding = 4; lastKnownFileType = sourcecode.c.h; name = AppDelegate.h; path = UiDesign/AppDelegate.h; sourceTree = "<group>"; };
		13B07FB01A68108700A75B9A /* AppDelegate.mm */ = {isa = PBXFileReference; fileEncoding = 4; lastKnownFileType = sourcecode.cpp.objcpp; name = AppDelegate.mm; path = UiDesign/AppDelegate.mm; sourceTree = "<group>"; };
		13B07FB51A68108700A75B9A /* Images.xcassets */ = {isa = PBXFileReference; lastKnownFileType = folder.assetcatalog; name = Images.xcassets; path = UiDesign/Images.xcassets; sourceTree = "<group>"; };
		13B07FB61A68108700A75B9A /* Info.plist */ = {isa = PBXFileReference; fileEncoding = 4; lastKnownFileType = text.plist.xml; name = Info.plist; path = UiDesign/Info.plist; sourceTree = "<group>"; };
		13B07FB71A68108700A75B9A /* main.m */ = {isa = PBXFileReference; fileEncoding = 4; lastKnownFileType = sourcecode.c.objc; name = main.m; path = UiDesign/main.m; sourceTree = "<group>"; };
		19F6CBCC0A4E27FBF8BF4A61 /* libPods-UiDesign-UiDesignTests.a */ = {isa = PBXFileReference; explicitFileType = archive.ar; includeInIndex = 0; path = "libPods-UiDesign-UiDesignTests.a"; sourceTree = BUILT_PRODUCTS_DIR; };
		3B4392A12AC88292D35C810B /* Pods-UiDesign.debug.xcconfig */ = {isa = PBXFileReference; includeInIndex = 1; lastKnownFileType = text.xcconfig; name = "Pods-UiDesign.debug.xcconfig"; path = "Target Support Files/Pods-UiDesign/Pods-UiDesign.debug.xcconfig"; sourceTree = "<group>"; };
		5709B34CF0A7D63546082F79 /* Pods-UiDesign.release.xcconfig */ = {isa = PBXFileReference; includeInIndex = 1; lastKnownFileType = text.xcconfig; name = "Pods-UiDesign.release.xcconfig"; path = "Target Support Files/Pods-UiDesign/Pods-UiDesign.release.xcconfig"; sourceTree = "<group>"; };
		5B7EB9410499542E8C5724F5 /* Pods-UiDesign-UiDesignTests.debug.xcconfig */ = {isa = PBXFileReference; includeInIndex = 1; lastKnownFileType = text.xcconfig; name = "Pods-UiDesign-UiDesignTests.debug.xcconfig"; path = "Target Support Files/Pods-UiDesign-UiDesignTests/Pods-UiDesign-UiDesignTests.debug.xcconfig"; sourceTree = "<group>"; };
		5DCACB8F33CDC322A6C60F78 /* libPods-UiDesign.a */ = {isa = PBXFileReference; explicitFileType = archive.ar; includeInIndex = 0; path = "libPods-UiDesign.a"; sourceTree = BUILT_PRODUCTS_DIR; };
		81AB9BB72411601600AC10FF /* LaunchScreen.storyboard */ = {isa = PBXFileReference; fileEncoding = 4; lastKnownFileType = file.storyboard; name = LaunchScreen.storyboard; path = UiDesign/LaunchScreen.storyboard; sourceTree = "<group>"; };
		89C6BE57DB24E9ADA2F236DE /* Pods-UiDesign-UiDesignTests.release.xcconfig */ = {isa = PBXFileReference; includeInIndex = 1; lastKnownFileType = text.xcconfig; name = "Pods-UiDesign-UiDesignTests.release.xcconfig"; path = "Target Support Files/Pods-UiDesign-UiDesignTests/Pods-UiDesign-UiDesignTests.release.xcconfig"; sourceTree = "<group>"; };
		ED297162215061F000B7C4FE /* JavaScriptCore.framework */ = {isa = PBXFileReference; lastKnownFileType = wrapper.framework; name = JavaScriptCore.framework; path = System/Library/Frameworks/JavaScriptCore.framework; sourceTree = SDKROOT; };
		9C67F47512634427962A559E /* Biryani-Black.ttf */ = {isa = PBXFileReference; name = "Biryani-Black.ttf"; path = "../src/assets/fonts/Biryani-Black.ttf"; sourceTree = "<group>"; fileEncoding = undefined; lastKnownFileType = unknown; explicitFileType = undefined; includeInIndex = 0; };
		7CB45B474C0B4E83A2F85AE6 /* Biryani-Bold.ttf */ = {isa = PBXFileReference; name = "Biryani-Bold.ttf"; path = "../src/assets/fonts/Biryani-Bold.ttf"; sourceTree = "<group>"; fileEncoding = undefined; lastKnownFileType = unknown; explicitFileType = undefined; includeInIndex = 0; };
		5E7686C0E42D4224B834E901 /* Biryani-ExtraBold.ttf */ = {isa = PBXFileReference; name = "Biryani-ExtraBold.ttf"; path = "../src/assets/fonts/Biryani-ExtraBold.ttf"; sourceTree = "<group>"; fileEncoding = undefined; lastKnownFileType = unknown; explicitFileType = undefined; includeInIndex = 0; };
		DE711A348DEF405EB43D5B13 /* Biryani-ExtraLight.ttf */ = {isa = PBXFileReference; name = "Biryani-ExtraLight.ttf"; path = "../src/assets/fonts/Biryani-ExtraLight.ttf"; sourceTree = "<group>"; fileEncoding = undefined; lastKnownFileType = unknown; explicitFileType = undefined; includeInIndex = 0; };
		20822CB071B14E1E977BFD34 /* Biryani-Light.ttf */ = {isa = PBXFileReference; name = "Biryani-Light.ttf"; path = "../src/assets/fonts/Biryani-Light.ttf"; sourceTree = "<group>"; fileEncoding = undefined; lastKnownFileType = unknown; explicitFileType = undefined; includeInIndex = 0; };
		AE50A860AC014DFD827ECBC7 /* Biryani-Regular.ttf */ = {isa = PBXFileReference; name = "Biryani-Regular.ttf"; path = "../src/assets/fonts/Biryani-Regular.ttf"; sourceTree = "<group>"; fileEncoding = undefined; lastKnownFileType = unknown; explicitFileType = undefined; includeInIndex = 0; };
		60FC2E827210424B892766EB /* Biryani-SemiBold.ttf */ = {isa = PBXFileReference; name = "Biryani-SemiBold.ttf"; path = "../src/assets/fonts/Biryani-SemiBold.ttf"; sourceTree = "<group>"; fileEncoding = undefined; lastKnownFileType = unknown; explicitFileType = undefined; includeInIndex = 0; };
		DA29314F1FFA45EE8C5132D9 /* Montserrat-Black.ttf */ = {isa = PBXFileReference; name = "Montserrat-Black.ttf"; path = "../src/assets/fonts/Montserrat-Black.ttf"; sourceTree = "<group>"; fileEncoding = undefined; lastKnownFileType = unknown; explicitFileType = undefined; includeInIndex = 0; };
		8F3CA946057D4F9C98FF1D3E /* Montserrat-BlackItalic.ttf */ = {isa = PBXFileReference; name = "Montserrat-BlackItalic.ttf"; path = "../src/assets/fonts/Montserrat-BlackItalic.ttf"; sourceTree = "<group>"; fileEncoding = undefined; lastKnownFileType = unknown; explicitFileType = undefined; includeInIndex = 0; };
		B8679428C6C34FCD96410D19 /* Montserrat-Bold.ttf */ = {isa = PBXFileReference; name = "Montserrat-Bold.ttf"; path = "../src/assets/fonts/Montserrat-Bold.ttf"; sourceTree = "<group>"; fileEncoding = undefined; lastKnownFileType = unknown; explicitFileType = undefined; includeInIndex = 0; };
		5893900790B24F69B3FAE617 /* Montserrat-BoldItalic.ttf */ = {isa = PBXFileReference; name = "Montserrat-BoldItalic.ttf"; path = "../src/assets/fonts/Montserrat-BoldItalic.ttf"; sourceTree = "<group>"; fileEncoding = undefined; lastKnownFileType = unknown; explicitFileType = undefined; includeInIndex = 0; };
		2A103BB418E84101BB9E73D0 /* Montserrat-ExtraBold.ttf */ = {isa = PBXFileReference; name = "Montserrat-ExtraBold.ttf"; path = "../src/assets/fonts/Montserrat-ExtraBold.ttf"; sourceTree = "<group>"; fileEncoding = undefined; lastKnownFileType = unknown; explicitFileType = undefined; includeInIndex = 0; };
		5C8AB69311E349E4B836534F /* Montserrat-ExtraBoldItalic.ttf */ = {isa = PBXFileReference; name = "Montserrat-ExtraBoldItalic.ttf"; path = "../src/assets/fonts/Montserrat-ExtraBoldItalic.ttf"; sourceTree = "<group>"; fileEncoding = undefined; lastKnownFileType = unknown; explicitFileType = undefined; includeInIndex = 0; };
		0F72673EEBE64D1E9A05765B /* Montserrat-ExtraLight.ttf */ = {isa = PBXFileReference; name = "Montserrat-ExtraLight.ttf"; path = "../src/assets/fonts/Montserrat-ExtraLight.ttf"; sourceTree = "<group>"; fileEncoding = undefined; lastKnownFileType = unknown; explicitFileType = undefined; includeInIndex = 0; };
		04B536DA465544D78D52678E /* Montserrat-ExtraLightItalic.ttf */ = {isa = PBXFileReference; name = "Montserrat-ExtraLightItalic.ttf"; path = "../src/assets/fonts/Montserrat-ExtraLightItalic.ttf"; sourceTree = "<group>"; fileEncoding = undefined; lastKnownFileType = unknown; explicitFileType = undefined; includeInIndex = 0; };
		4E8F694002EB497EA154F5A0 /* Montserrat-Italic.ttf */ = {isa = PBXFileReference; name = "Montserrat-Italic.ttf"; path = "../src/assets/fonts/Montserrat-Italic.ttf"; sourceTree = "<group>"; fileEncoding = undefined; lastKnownFileType = unknown; explicitFileType = undefined; includeInIndex = 0; };
		40218058BB70458C868BB4E2 /* Montserrat-Light.ttf */ = {isa = PBXFileReference; name = "Montserrat-Light.ttf"; path = "../src/assets/fonts/Montserrat-Light.ttf"; sourceTree = "<group>"; fileEncoding = undefined; lastKnownFileType = unknown; explicitFileType = undefined; includeInIndex = 0; };
		13C6ACE3C44F4B9BBD907A46 /* Montserrat-LightItalic.ttf */ = {isa = PBXFileReference; name = "Montserrat-LightItalic.ttf"; path = "../src/assets/fonts/Montserrat-LightItalic.ttf"; sourceTree = "<group>"; fileEncoding = undefined; lastKnownFileType = unknown; explicitFileType = undefined; includeInIndex = 0; };
		FCE4434DD361436EB3C625E9 /* Montserrat-Medium.ttf */ = {isa = PBXFileReference; name = "Montserrat-Medium.ttf"; path = "../src/assets/fonts/Montserrat-Medium.ttf"; sourceTree = "<group>"; fileEncoding = undefined; lastKnownFileType = unknown; explicitFileType = undefined; includeInIndex = 0; };
		41B06E1F3E96489EB9C8D43A /* Montserrat-MediumItalic.ttf */ = {isa = PBXFileReference; name = "Montserrat-MediumItalic.ttf"; path = "../src/assets/fonts/Montserrat-MediumItalic.ttf"; sourceTree = "<group>"; fileEncoding = undefined; lastKnownFileType = unknown; explicitFileType = undefined; includeInIndex = 0; };
		983EEE55CD6D44E29734DF56 /* Montserrat-Regular.ttf */ = {isa = PBXFileReference; name = "Montserrat-Regular.ttf"; path = "../src/assets/fonts/Montserrat-Regular.ttf"; sourceTree = "<group>"; fileEncoding = undefined; lastKnownFileType = unknown; explicitFileType = undefined; includeInIndex = 0; };
		B6AE0C4DC1BA405FA1B77647 /* Montserrat-SemiBold.ttf */ = {isa = PBXFileReference; name = "Montserrat-SemiBold.ttf"; path = "../src/assets/fonts/Montserrat-SemiBold.ttf"; sourceTree = "<group>"; fileEncoding = undefined; lastKnownFileType = unknown; explicitFileType = undefined; includeInIndex = 0; };
		984513D44247416382AA6FB7 /* Montserrat-SemiBoldItalic.ttf */ = {isa = PBXFileReference; name = "Montserrat-SemiBoldItalic.ttf"; path = "../src/assets/fonts/Montserrat-SemiBoldItalic.ttf"; sourceTree = "<group>"; fileEncoding = undefined; lastKnownFileType = unknown; explicitFileType = undefined; includeInIndex = 0; };
		FFF98EC772CE485B8CCD852F /* Montserrat-Thin.ttf */ = {isa = PBXFileReference; name = "Montserrat-Thin.ttf"; path = "../src/assets/fonts/Montserrat-Thin.ttf"; sourceTree = "<group>"; fileEncoding = undefined; lastKnownFileType = unknown; explicitFileType = undefined; includeInIndex = 0; };
		A047B06E0DB44AAA86FCE263 /* Montserrat-ThinItalic.ttf */ = {isa = PBXFileReference; name = "Montserrat-ThinItalic.ttf"; path = "../src/assets/fonts/Montserrat-ThinItalic.ttf"; sourceTree = "<group>"; fileEncoding = undefined; lastKnownFileType = unknown; explicitFileType = undefined; includeInIndex = 0; };
		BFFAD71C6965495CA35B9B6B /* Poppins-Black.ttf */ = {isa = PBXFileReference; name = "Poppins-Black.ttf"; path = "../src/assets/fonts/Poppins-Black.ttf"; sourceTree = "<group>"; fileEncoding = undefined; lastKnownFileType = unknown; explicitFileType = undefined; includeInIndex = 0; };
		F955020D4763488E9F0D9EBA /* Poppins-BlackItalic.ttf */ = {isa = PBXFileReference; name = "Poppins-BlackItalic.ttf"; path = "../src/assets/fonts/Poppins-BlackItalic.ttf"; sourceTree = "<group>"; fileEncoding = undefined; lastKnownFileType = unknown; explicitFileType = undefined; includeInIndex = 0; };
		DE31389BC0AA480FBDDD7465 /* Poppins-Bold.ttf */ = {isa = PBXFileReference; name = "Poppins-Bold.ttf"; path = "../src/assets/fonts/Poppins-Bold.ttf"; sourceTree = "<group>"; fileEncoding = undefined; lastKnownFileType = unknown; explicitFileType = undefined; includeInIndex = 0; };
		449CF121B8574F60AEA524A0 /* Poppins-BoldItalic.ttf */ = {isa = PBXFileReference; name = "Poppins-BoldItalic.ttf"; path = "../src/assets/fonts/Poppins-BoldItalic.ttf"; sourceTree = "<group>"; fileEncoding = undefined; lastKnownFileType = unknown; explicitFileType = undefined; includeInIndex = 0; };
		7E87893B0D964FD394A7008F /* Poppins-ExtraBold.ttf */ = {isa = PBXFileReference; name = "Poppins-ExtraBold.ttf"; path = "../src/assets/fonts/Poppins-ExtraBold.ttf"; sourceTree = "<group>"; fileEncoding = undefined; lastKnownFileType = unknown; explicitFileType = undefined; includeInIndex = 0; };
		DE51201AC89A46259733A7B6 /* Poppins-ExtraBoldItalic.ttf */ = {isa = PBXFileReference; name = "Poppins-ExtraBoldItalic.ttf"; path = "../src/assets/fonts/Poppins-ExtraBoldItalic.ttf"; sourceTree = "<group>"; fileEncoding = undefined; lastKnownFileType = unknown; explicitFileType = undefined; includeInIndex = 0; };
		A1C45DB897B04EE18AA5E453 /* Poppins-ExtraLight.ttf */ = {isa = PBXFileReference; name = "Poppins-ExtraLight.ttf"; path = "../src/assets/fonts/Poppins-ExtraLight.ttf"; sourceTree = "<group>"; fileEncoding = undefined; lastKnownFileType = unknown; explicitFileType = undefined; includeInIndex = 0; };
		640F909AF23648888954B6C0 /* Poppins-ExtraLightItalic.ttf */ = {isa = PBXFileReference; name = "Poppins-ExtraLightItalic.ttf"; path = "../src/assets/fonts/Poppins-ExtraLightItalic.ttf"; sourceTree = "<group>"; fileEncoding = undefined; lastKnownFileType = unknown; explicitFileType = undefined; includeInIndex = 0; };
		E5ED6116B59D4E91A6745B77 /* Poppins-Italic.ttf */ = {isa = PBXFileReference; name = "Poppins-Italic.ttf"; path = "../src/assets/fonts/Poppins-Italic.ttf"; sourceTree = "<group>"; fileEncoding = undefined; lastKnownFileType = unknown; explicitFileType = undefined; includeInIndex = 0; };
		AE406EEA110B40CFB144E5E0 /* Poppins-Light.ttf */ = {isa = PBXFileReference; name = "Poppins-Light.ttf"; path = "../src/assets/fonts/Poppins-Light.ttf"; sourceTree = "<group>"; fileEncoding = undefined; lastKnownFileType = unknown; explicitFileType = undefined; includeInIndex = 0; };
		A1E08E69A27C46979EB3692D /* Poppins-LightItalic.ttf */ = {isa = PBXFileReference; name = "Poppins-LightItalic.ttf"; path = "../src/assets/fonts/Poppins-LightItalic.ttf"; sourceTree = "<group>"; fileEncoding = undefined; lastKnownFileType = unknown; explicitFileType = undefined; includeInIndex = 0; };
		65FDB07915BC470F86963AED /* Poppins-Medium.ttf */ = {isa = PBXFileReference; name = "Poppins-Medium.ttf"; path = "../src/assets/fonts/Poppins-Medium.ttf"; sourceTree = "<group>"; fileEncoding = undefined; lastKnownFileType = unknown; explicitFileType = undefined; includeInIndex = 0; };
		E77F6C979A21460482FDCB83 /* Poppins-MediumItalic.ttf */ = {isa = PBXFileReference; name = "Poppins-MediumItalic.ttf"; path = "../src/assets/fonts/Poppins-MediumItalic.ttf"; sourceTree = "<group>"; fileEncoding = undefined; lastKnownFileType = unknown; explicitFileType = undefined; includeInIndex = 0; };
		5691F7FD76B4457BAF39D415 /* Poppins-Regular.ttf */ = {isa = PBXFileReference; name = "Poppins-Regular.ttf"; path = "../src/assets/fonts/Poppins-Regular.ttf"; sourceTree = "<group>"; fileEncoding = undefined; lastKnownFileType = unknown; explicitFileType = undefined; includeInIndex = 0; };
		BD75B3B17CAF4C1FACB62B68 /* Poppins-SemiBold.ttf */ = {isa = PBXFileReference; name = "Poppins-SemiBold.ttf"; path = "../src/assets/fonts/Poppins-SemiBold.ttf"; sourceTree = "<group>"; fileEncoding = undefined; lastKnownFileType = unknown; explicitFileType = undefined; includeInIndex = 0; };
		FB236F3CC1AF4565BB6EDB9F /* Poppins-SemiBoldItalic.ttf */ = {isa = PBXFileReference; name = "Poppins-SemiBoldItalic.ttf"; path = "../src/assets/fonts/Poppins-SemiBoldItalic.ttf"; sourceTree = "<group>"; fileEncoding = undefined; lastKnownFileType = unknown; explicitFileType = undefined; includeInIndex = 0; };
		2181538797D64E5B93835327 /* Poppins-Thin.ttf */ = {isa = PBXFileReference; name = "Poppins-Thin.ttf"; path = "../src/assets/fonts/Poppins-Thin.ttf"; sourceTree = "<group>"; fileEncoding = undefined; lastKnownFileType = unknown; explicitFileType = undefined; includeInIndex = 0; };
		36638E2DC2A14B22B9427E18 /* Poppins-ThinItalic.ttf */ = {isa = PBXFileReference; name = "Poppins-ThinItalic.ttf"; path = "../src/assets/fonts/Poppins-ThinItalic.ttf"; sourceTree = "<group>"; fileEncoding = undefined; lastKnownFileType = unknown; explicitFileType = undefined; includeInIndex = 0; };
/* End PBXFileReference section */

/* Begin PBXFrameworksBuildPhase section */
		00E356EB1AD99517003FC87E /* Frameworks */ = {
			isa = PBXFrameworksBuildPhase;
			buildActionMask = 2147483647;
			files = (
				7699B88040F8A987B510C191 /* libPods-UiDesign-UiDesignTests.a in Frameworks */,
			);
			runOnlyForDeploymentPostprocessing = 0;
		};
		13B07F8C1A680F5B00A75B9A /* Frameworks */ = {
			isa = PBXFrameworksBuildPhase;
			buildActionMask = 2147483647;
			files = (
				0C80B921A6F3F58F76C31292 /* libPods-UiDesign.a in Frameworks */,
			);
			runOnlyForDeploymentPostprocessing = 0;
		};
/* End PBXFrameworksBuildPhase section */

/* Begin PBXGroup section */
		00E356EF1AD99517003FC87E /* UiDesignTests */ = {
			isa = PBXGroup;
			children = (
				00E356F21AD99517003FC87E /* UiDesignTests.m */,
				00E356F01AD99517003FC87E /* Supporting Files */,
			);
			path = UiDesignTests;
			sourceTree = "<group>";
		};
		00E356F01AD99517003FC87E /* Supporting Files */ = {
			isa = PBXGroup;
			children = (
				00E356F11AD99517003FC87E /* Info.plist */,
			);
			name = "Supporting Files";
			sourceTree = "<group>";
		};
		13B07FAE1A68108700A75B9A /* UiDesign */ = {
			isa = PBXGroup;
			children = (
				13B07FAF1A68108700A75B9A /* AppDelegate.h */,
				13B07FB01A68108700A75B9A /* AppDelegate.mm */,
				13B07FB51A68108700A75B9A /* Images.xcassets */,
				13B07FB61A68108700A75B9A /* Info.plist */,
				81AB9BB72411601600AC10FF /* LaunchScreen.storyboard */,
				13B07FB71A68108700A75B9A /* main.m */,
			);
			name = UiDesign;
			sourceTree = "<group>";
		};
		2D16E6871FA4F8E400B85C8A /* Frameworks */ = {
			isa = PBXGroup;
			children = (
				ED297162215061F000B7C4FE /* JavaScriptCore.framework */,
				5DCACB8F33CDC322A6C60F78 /* libPods-UiDesign.a */,
				19F6CBCC0A4E27FBF8BF4A61 /* libPods-UiDesign-UiDesignTests.a */,
			);
			name = Frameworks;
			sourceTree = "<group>";
		};
		832341AE1AAA6A7D00B99B32 /* Libraries */ = {
			isa = PBXGroup;
			children = (
			);
			name = Libraries;
			sourceTree = "<group>";
		};
		83CBB9F61A601CBA00E9B192 = {
			isa = PBXGroup;
			children = (
				13B07FAE1A68108700A75B9A /* UiDesign */,
				832341AE1AAA6A7D00B99B32 /* Libraries */,
				00E356EF1AD99517003FC87E /* UiDesignTests */,
				83CBBA001A601CBA00E9B192 /* Products */,
				2D16E6871FA4F8E400B85C8A /* Frameworks */,
				BBD78D7AC51CEA395F1C20DB /* Pods */,
				73862B83F5EC4DE79FAE172D /* Resources */,
			);
			indentWidth = 2;
			sourceTree = "<group>";
			tabWidth = 2;
			usesTabs = 0;
		};
		83CBBA001A601CBA00E9B192 /* Products */ = {
			isa = PBXGroup;
			children = (
				13B07F961A680F5B00A75B9A /* UiDesign.app */,
				00E356EE1AD99517003FC87E /* UiDesignTests.xctest */,
			);
			name = Products;
			sourceTree = "<group>";
		};
		BBD78D7AC51CEA395F1C20DB /* Pods */ = {
			isa = PBXGroup;
			children = (
				3B4392A12AC88292D35C810B /* Pods-UiDesign.debug.xcconfig */,
				5709B34CF0A7D63546082F79 /* Pods-UiDesign.release.xcconfig */,
				5B7EB9410499542E8C5724F5 /* Pods-UiDesign-UiDesignTests.debug.xcconfig */,
				89C6BE57DB24E9ADA2F236DE /* Pods-UiDesign-UiDesignTests.release.xcconfig */,
			);
			path = Pods;
			sourceTree = "<group>";
		};
		73862B83F5EC4DE79FAE172D /* Resources */ = {
			isa = "PBXGroup";
			children = (
				9C67F47512634427962A559E /* Biryani-Black.ttf */,
				7CB45B474C0B4E83A2F85AE6 /* Biryani-Bold.ttf */,
				5E7686C0E42D4224B834E901 /* Biryani-ExtraBold.ttf */,
				DE711A348DEF405EB43D5B13 /* Biryani-ExtraLight.ttf */,
				20822CB071B14E1E977BFD34 /* Biryani-Light.ttf */,
				AE50A860AC014DFD827ECBC7 /* Biryani-Regular.ttf */,
				60FC2E827210424B892766EB /* Biryani-SemiBold.ttf */,
				DA29314F1FFA45EE8C5132D9 /* Montserrat-Black.ttf */,
				8F3CA946057D4F9C98FF1D3E /* Montserrat-BlackItalic.ttf */,
				B8679428C6C34FCD96410D19 /* Montserrat-Bold.ttf */,
				5893900790B24F69B3FAE617 /* Montserrat-BoldItalic.ttf */,
				2A103BB418E84101BB9E73D0 /* Montserrat-ExtraBold.ttf */,
				5C8AB69311E349E4B836534F /* Montserrat-ExtraBoldItalic.ttf */,
				0F72673EEBE64D1E9A05765B /* Montserrat-ExtraLight.ttf */,
				04B536DA465544D78D52678E /* Montserrat-ExtraLightItalic.ttf */,
				4E8F694002EB497EA154F5A0 /* Montserrat-Italic.ttf */,
				40218058BB70458C868BB4E2 /* Montserrat-Light.ttf */,
				13C6ACE3C44F4B9BBD907A46 /* Montserrat-LightItalic.ttf */,
				FCE4434DD361436EB3C625E9 /* Montserrat-Medium.ttf */,
				41B06E1F3E96489EB9C8D43A /* Montserrat-MediumItalic.ttf */,
				983EEE55CD6D44E29734DF56 /* Montserrat-Regular.ttf */,
				B6AE0C4DC1BA405FA1B77647 /* Montserrat-SemiBold.ttf */,
				984513D44247416382AA6FB7 /* Montserrat-SemiBoldItalic.ttf */,
				FFF98EC772CE485B8CCD852F /* Montserrat-Thin.ttf */,
				A047B06E0DB44AAA86FCE263 /* Montserrat-ThinItalic.ttf */,
				BFFAD71C6965495CA35B9B6B /* Poppins-Black.ttf */,
				F955020D4763488E9F0D9EBA /* Poppins-BlackItalic.ttf */,
				DE31389BC0AA480FBDDD7465 /* Poppins-Bold.ttf */,
				449CF121B8574F60AEA524A0 /* Poppins-BoldItalic.ttf */,
				7E87893B0D964FD394A7008F /* Poppins-ExtraBold.ttf */,
				DE51201AC89A46259733A7B6 /* Poppins-ExtraBoldItalic.ttf */,
				A1C45DB897B04EE18AA5E453 /* Poppins-ExtraLight.ttf */,
				640F909AF23648888954B6C0 /* Poppins-ExtraLightItalic.ttf */,
				E5ED6116B59D4E91A6745B77 /* Poppins-Italic.ttf */,
				AE406EEA110B40CFB144E5E0 /* Poppins-Light.ttf */,
				A1E08E69A27C46979EB3692D /* Poppins-LightItalic.ttf */,
				65FDB07915BC470F86963AED /* Poppins-Medium.ttf */,
				E77F6C979A21460482FDCB83 /* Poppins-MediumItalic.ttf */,
				5691F7FD76B4457BAF39D415 /* Poppins-Regular.ttf */,
				BD75B3B17CAF4C1FACB62B68 /* Poppins-SemiBold.ttf */,
				FB236F3CC1AF4565BB6EDB9F /* Poppins-SemiBoldItalic.ttf */,
				2181538797D64E5B93835327 /* Poppins-Thin.ttf */,
				36638E2DC2A14B22B9427E18 /* Poppins-ThinItalic.ttf */,
			);
			name = Resources;
			sourceTree = "<group>";
			path = "";
		};
/* End PBXGroup section */

/* Begin PBXNativeTarget section */
		00E356ED1AD99517003FC87E /* UiDesignTests */ = {
			isa = PBXNativeTarget;
			buildConfigurationList = 00E357021AD99517003FC87E /* Build configuration list for PBXNativeTarget "UiDesignTests" */;
			buildPhases = (
				A55EABD7B0C7F3A422A6CC61 /* [CP] Check Pods Manifest.lock */,
				00E356EA1AD99517003FC87E /* Sources */,
				00E356EB1AD99517003FC87E /* Frameworks */,
				00E356EC1AD99517003FC87E /* Resources */,
				C59DA0FBD6956966B86A3779 /* [CP] Embed Pods Frameworks */,
				F6A41C54EA430FDDC6A6ED99 /* [CP] Copy Pods Resources */,
			);
			buildRules = (
			);
			dependencies = (
				00E356F51AD99517003FC87E /* PBXTargetDependency */,
			);
			name = UiDesignTests;
			productName = UiDesignTests;
			productReference = 00E356EE1AD99517003FC87E /* UiDesignTests.xctest */;
			productType = "com.apple.product-type.bundle.unit-test";
		};
		13B07F861A680F5B00A75B9A /* UiDesign */ = {
			isa = PBXNativeTarget;
			buildConfigurationList = 13B07F931A680F5B00A75B9A /* Build configuration list for PBXNativeTarget "UiDesign" */;
			buildPhases = (
				C38B50BA6285516D6DCD4F65 /* [CP] Check Pods Manifest.lock */,
				FD10A7F022414F080027D42C /* Start Packager */,
				13B07F871A680F5B00A75B9A /* Sources */,
				13B07F8C1A680F5B00A75B9A /* Frameworks */,
				13B07F8E1A680F5B00A75B9A /* Resources */,
				00DD1BFF1BD5951E006B06BC /* Bundle React Native code and images */,
				00EEFC60759A1932668264C0 /* [CP] Embed Pods Frameworks */,
				E235C05ADACE081382539298 /* [CP] Copy Pods Resources */,
			);
			buildRules = (
			);
			dependencies = (
			);
			name = UiDesign;
			productName = UiDesign;
			productReference = 13B07F961A680F5B00A75B9A /* UiDesign.app */;
			productType = "com.apple.product-type.application";
		};
/* End PBXNativeTarget section */

/* Begin PBXProject section */
		83CBB9F71A601CBA00E9B192 /* Project object */ = {
			isa = PBXProject;
			attributes = {
				LastUpgradeCheck = 1210;
				TargetAttributes = {
					00E356ED1AD99517003FC87E = {
						CreatedOnToolsVersion = 6.2;
						TestTargetID = 13B07F861A680F5B00A75B9A;
					};
					13B07F861A680F5B00A75B9A = {
						LastSwiftMigration = 1120;
					};
				};
			};
			buildConfigurationList = 83CBB9FA1A601CBA00E9B192 /* Build configuration list for PBXProject "UiDesign" */;
			compatibilityVersion = "Xcode 12.0";
			developmentRegion = en;
			hasScannedForEncodings = 0;
			knownRegions = (
				en,
				Base,
			);
			mainGroup = 83CBB9F61A601CBA00E9B192;
			productRefGroup = 83CBBA001A601CBA00E9B192 /* Products */;
			projectDirPath = "";
			projectRoot = "";
			targets = (
				13B07F861A680F5B00A75B9A /* UiDesign */,
				00E356ED1AD99517003FC87E /* UiDesignTests */,
			);
		};
/* End PBXProject section */

/* Begin PBXResourcesBuildPhase section */
		00E356EC1AD99517003FC87E /* Resources */ = {
			isa = PBXResourcesBuildPhase;
			buildActionMask = 2147483647;
			files = (
			);
			runOnlyForDeploymentPostprocessing = 0;
		};
		13B07F8E1A680F5B00A75B9A /* Resources */ = {
			isa = PBXResourcesBuildPhase;
			buildActionMask = 2147483647;
			files = (
				81AB9BB82411601600AC10FF /* LaunchScreen.storyboard in Resources */,
				13B07FBF1A68108700A75B9A /* Images.xcassets in Resources */,
				448089A770C942E28A4D9F26 /* Biryani-Black.ttf in Resources */,
				58849BB5963A4CB4874AD61E /* Biryani-Bold.ttf in Resources */,
				D473F5E4696B46978BE7A316 /* Biryani-ExtraBold.ttf in Resources */,
				601E917ABD4041A29559623E /* Biryani-ExtraLight.ttf in Resources */,
				BFFDBADFE8C34DB29C8E7DD7 /* Biryani-Light.ttf in Resources */,
				39E07B8487A6449CBD744B47 /* Biryani-Regular.ttf in Resources */,
				AA1346A04FED40A7B1FD9213 /* Biryani-SemiBold.ttf in Resources */,
				63DB1B7766614AD2863DB70D /* Montserrat-Black.ttf in Resources */,
				B8DA7E64A878403E91C9FD98 /* Montserrat-BlackItalic.ttf in Resources */,
				9835EBE91E054583835B7E38 /* Montserrat-Bold.ttf in Resources */,
				114E6F01D76B4216BF9447FE /* Montserrat-BoldItalic.ttf in Resources */,
				EA3A84D48EB8485F90510DB1 /* Montserrat-ExtraBold.ttf in Resources */,
				E7B870DBF7354236B26FCC39 /* Montserrat-ExtraBoldItalic.ttf in Resources */,
				625C012BFC28453FA3F9C9EA /* Montserrat-ExtraLight.ttf in Resources */,
				8799F94884974213831DE3FC /* Montserrat-ExtraLightItalic.ttf in Resources */,
				4F46B1A10D21430A9B01E0C4 /* Montserrat-Italic.ttf in Resources */,
				2736B90ECBFA49AEAC72292A /* Montserrat-Light.ttf in Resources */,
				795C10F51B624C93B4E87B85 /* Montserrat-LightItalic.ttf in Resources */,
				23AA99AA711D480F9316C356 /* Montserrat-Medium.ttf in Resources */,
				BE2BBB9564FE4441B38DCC83 /* Montserrat-MediumItalic.ttf in Resources */,
				633CE957D9014B1C8A9BF857 /* Montserrat-Regular.ttf in Resources */,
				EDB3E4AF8019459E8679216E /* Montserrat-SemiBold.ttf in Resources */,
				D5298C3D46F54A15A06A878F /* Montserrat-SemiBoldItalic.ttf in Resources */,
				5FBD8DAB22444B5CB4E1B59A /* Montserrat-Thin.ttf in Resources */,
				83043B51ECA34762BC160139 /* Montserrat-ThinItalic.ttf in Resources */,
				AAAA6B4019074DC9AACF887D /* Poppins-Black.ttf in Resources */,
				C60478BF25794B968CD70E10 /* Poppins-BlackItalic.ttf in Resources */,
				815DCEE608DA42FE93D3B3BB /* Poppins-Bold.ttf in Resources */,
				38BCABFCBF6449768CA4DD03 /* Poppins-BoldItalic.ttf in Resources */,
				563A9F2780BC42678E59B05E /* Poppins-ExtraBold.ttf in Resources */,
				08F17A3E657A42978C7A4373 /* Poppins-ExtraBoldItalic.ttf in Resources */,
				5E715F6A8A2848838585E404 /* Poppins-ExtraLight.ttf in Resources */,
				9169EACCFCCD46509699B3A3 /* Poppins-ExtraLightItalic.ttf in Resources */,
				2F84E872B1C643159F6AF702 /* Poppins-Italic.ttf in Resources */,
				810AF5A20E5B4CA9A2FD2C34 /* Poppins-Light.ttf in Resources */,
				E4C2AE33EEBD47C6B8A9D8F6 /* Poppins-LightItalic.ttf in Resources */,
				67B699591EC24E7EBD7F8286 /* Poppins-Medium.ttf in Resources */,
				C7F01B314B8E45F8A3BCC619 /* Poppins-MediumItalic.ttf in Resources */,
				FE70FF2607A34792A3EE7B0D /* Poppins-Regular.ttf in Resources */,
				07B7466B044A420782DC8AF3 /* Poppins-SemiBold.ttf in Resources */,
				B9DF522466EB439BB209B6F1 /* Poppins-SemiBoldItalic.ttf in Resources */,
				4D776E9A4B9C44BDB9FD7108 /* Poppins-Thin.ttf in Resources */,
				42B4CCA543ED4540B48C121D /* Poppins-ThinItalic.ttf in Resources */,
			);
			runOnlyForDeploymentPostprocessing = 0;
		};
/* End PBXResourcesBuildPhase section */

/* Begin PBXShellScriptBuildPhase section */
		00DD1BFF1BD5951E006B06BC /* Bundle React Native code and images */ = {
			isa = PBXShellScriptBuildPhase;
			buildActionMask = 2147483647;
			files = (
			);
			inputPaths = (
			);
			name = "Bundle React Native code and images";
			outputPaths = (
			);
			runOnlyForDeploymentPostprocessing = 0;
			shellPath = /bin/sh;
			shellScript = "set -e\n\nexport NODE_BINARY=node\n../node_modules/react-native/scripts/react-native-xcode.sh\n";
		};
		00EEFC60759A1932668264C0 /* [CP] Embed Pods Frameworks */ = {
			isa = PBXShellScriptBuildPhase;
			buildActionMask = 2147483647;
			files = (
			);
			inputFileListPaths = (
				"${PODS_ROOT}/Target Support Files/Pods-UiDesign/Pods-UiDesign-frameworks-${CONFIGURATION}-input-files.xcfilelist",
			);
			name = "[CP] Embed Pods Frameworks";
			outputFileListPaths = (
				"${PODS_ROOT}/Target Support Files/Pods-UiDesign/Pods-UiDesign-frameworks-${CONFIGURATION}-output-files.xcfilelist",
			);
			runOnlyForDeploymentPostprocessing = 0;
			shellPath = /bin/sh;
			shellScript = "\"${PODS_ROOT}/Target Support Files/Pods-UiDesign/Pods-UiDesign-frameworks.sh\"\n";
			showEnvVarsInLog = 0;
		};
		A55EABD7B0C7F3A422A6CC61 /* [CP] Check Pods Manifest.lock */ = {
			isa = PBXShellScriptBuildPhase;
			buildActionMask = 2147483647;
			files = (
			);
			inputFileListPaths = (
			);
			inputPaths = (
				"${PODS_PODFILE_DIR_PATH}/Podfile.lock",
				"${PODS_ROOT}/Manifest.lock",
			);
			name = "[CP] Check Pods Manifest.lock";
			outputFileListPaths = (
			);
			outputPaths = (
				"$(DERIVED_FILE_DIR)/Pods-UiDesign-UiDesignTests-checkManifestLockResult.txt",
			);
			runOnlyForDeploymentPostprocessing = 0;
			shellPath = /bin/sh;
			shellScript = "diff \"${PODS_PODFILE_DIR_PATH}/Podfile.lock\" \"${PODS_ROOT}/Manifest.lock\" > /dev/null\nif [ $? != 0 ] ; then\n    # print error to STDERR\n    echo \"error: The sandbox is not in sync with the Podfile.lock. Run 'pod install' or update your CocoaPods installation.\" >&2\n    exit 1\nfi\n# This output is used by Xcode 'outputs' to avoid re-running this script phase.\necho \"SUCCESS\" > \"${SCRIPT_OUTPUT_FILE_0}\"\n";
			showEnvVarsInLog = 0;
		};
		C38B50BA6285516D6DCD4F65 /* [CP] Check Pods Manifest.lock */ = {
			isa = PBXShellScriptBuildPhase;
			buildActionMask = 2147483647;
			files = (
			);
			inputFileListPaths = (
			);
			inputPaths = (
				"${PODS_PODFILE_DIR_PATH}/Podfile.lock",
				"${PODS_ROOT}/Manifest.lock",
			);
			name = "[CP] Check Pods Manifest.lock";
			outputFileListPaths = (
			);
			outputPaths = (
				"$(DERIVED_FILE_DIR)/Pods-UiDesign-checkManifestLockResult.txt",
			);
			runOnlyForDeploymentPostprocessing = 0;
			shellPath = /bin/sh;
			shellScript = "diff \"${PODS_PODFILE_DIR_PATH}/Podfile.lock\" \"${PODS_ROOT}/Manifest.lock\" > /dev/null\nif [ $? != 0 ] ; then\n    # print error to STDERR\n    echo \"error: The sandbox is not in sync with the Podfile.lock. Run 'pod install' or update your CocoaPods installation.\" >&2\n    exit 1\nfi\n# This output is used by Xcode 'outputs' to avoid re-running this script phase.\necho \"SUCCESS\" > \"${SCRIPT_OUTPUT_FILE_0}\"\n";
			showEnvVarsInLog = 0;
		};
		C59DA0FBD6956966B86A3779 /* [CP] Embed Pods Frameworks */ = {
			isa = PBXShellScriptBuildPhase;
			buildActionMask = 2147483647;
			files = (
			);
			inputFileListPaths = (
				"${PODS_ROOT}/Target Support Files/Pods-UiDesign-UiDesignTests/Pods-UiDesign-UiDesignTests-frameworks-${CONFIGURATION}-input-files.xcfilelist",
			);
			name = "[CP] Embed Pods Frameworks";
			outputFileListPaths = (
				"${PODS_ROOT}/Target Support Files/Pods-UiDesign-UiDesignTests/Pods-UiDesign-UiDesignTests-frameworks-${CONFIGURATION}-output-files.xcfilelist",
			);
			runOnlyForDeploymentPostprocessing = 0;
			shellPath = /bin/sh;
			shellScript = "\"${PODS_ROOT}/Target Support Files/Pods-UiDesign-UiDesignTests/Pods-UiDesign-UiDesignTests-frameworks.sh\"\n";
			showEnvVarsInLog = 0;
		};
		E235C05ADACE081382539298 /* [CP] Copy Pods Resources */ = {
			isa = PBXShellScriptBuildPhase;
			buildActionMask = 2147483647;
			files = (
			);
			inputFileListPaths = (
				"${PODS_ROOT}/Target Support Files/Pods-UiDesign/Pods-UiDesign-resources-${CONFIGURATION}-input-files.xcfilelist",
			);
			name = "[CP] Copy Pods Resources";
			outputFileListPaths = (
				"${PODS_ROOT}/Target Support Files/Pods-UiDesign/Pods-UiDesign-resources-${CONFIGURATION}-output-files.xcfilelist",
			);
			runOnlyForDeploymentPostprocessing = 0;
			shellPath = /bin/sh;
			shellScript = "\"${PODS_ROOT}/Target Support Files/Pods-UiDesign/Pods-UiDesign-resources.sh\"\n";
			showEnvVarsInLog = 0;
		};
		F6A41C54EA430FDDC6A6ED99 /* [CP] Copy Pods Resources */ = {
			isa = PBXShellScriptBuildPhase;
			buildActionMask = 2147483647;
			files = (
			);
			inputFileListPaths = (
				"${PODS_ROOT}/Target Support Files/Pods-UiDesign-UiDesignTests/Pods-UiDesign-UiDesignTests-resources-${CONFIGURATION}-input-files.xcfilelist",
			);
			name = "[CP] Copy Pods Resources";
			outputFileListPaths = (
				"${PODS_ROOT}/Target Support Files/Pods-UiDesign-UiDesignTests/Pods-UiDesign-UiDesignTests-resources-${CONFIGURATION}-output-files.xcfilelist",
			);
			runOnlyForDeploymentPostprocessing = 0;
			shellPath = /bin/sh;
			shellScript = "\"${PODS_ROOT}/Target Support Files/Pods-UiDesign-UiDesignTests/Pods-UiDesign-UiDesignTests-resources.sh\"\n";
			showEnvVarsInLog = 0;
		};
		FD10A7F022414F080027D42C /* Start Packager */ = {
			isa = PBXShellScriptBuildPhase;
			buildActionMask = 2147483647;
			files = (
			);
			inputFileListPaths = (
			);
			inputPaths = (
			);
			name = "Start Packager";
			outputFileListPaths = (
			);
			outputPaths = (
			);
			runOnlyForDeploymentPostprocessing = 0;
			shellPath = /bin/sh;
			shellScript = "export RCT_METRO_PORT=\"${RCT_METRO_PORT:=8081}\"\necho \"export RCT_METRO_PORT=${RCT_METRO_PORT}\" > \"${SRCROOT}/../node_modules/react-native/scripts/.packager.env\"\nif [ -z \"${RCT_NO_LAUNCH_PACKAGER+xxx}\" ] ; then\n  if nc -w 5 -z localhost ${RCT_METRO_PORT} ; then\n    if ! curl -s \"http://localhost:${RCT_METRO_PORT}/status\" | grep -q \"packager-status:running\" ; then\n      echo \"Port ${RCT_METRO_PORT} already in use, packager is either not running or not running correctly\"\n      exit 2\n    fi\n  else\n    open \"$SRCROOT/../node_modules/react-native/scripts/launchPackager.command\" || echo \"Can't start packager automatically\"\n  fi\nfi\n";
			showEnvVarsInLog = 0;
		};
/* End PBXShellScriptBuildPhase section */

/* Begin PBXSourcesBuildPhase section */
		00E356EA1AD99517003FC87E /* Sources */ = {
			isa = PBXSourcesBuildPhase;
			buildActionMask = 2147483647;
			files = (
				00E356F31AD99517003FC87E /* UiDesignTests.m in Sources */,
			);
			runOnlyForDeploymentPostprocessing = 0;
		};
		13B07F871A680F5B00A75B9A /* Sources */ = {
			isa = PBXSourcesBuildPhase;
			buildActionMask = 2147483647;
			files = (
				13B07FBC1A68108700A75B9A /* AppDelegate.mm in Sources */,
				13B07FC11A68108700A75B9A /* main.m in Sources */,
			);
			runOnlyForDeploymentPostprocessing = 0;
		};
/* End PBXSourcesBuildPhase section */

/* Begin PBXTargetDependency section */
		00E356F51AD99517003FC87E /* PBXTargetDependency */ = {
			isa = PBXTargetDependency;
			target = 13B07F861A680F5B00A75B9A /* UiDesign */;
			targetProxy = 00E356F41AD99517003FC87E /* PBXContainerItemProxy */;
		};
/* End PBXTargetDependency section */

/* Begin XCBuildConfiguration section */
		00E356F61AD99517003FC87E /* Debug */ = {
			isa = XCBuildConfiguration;
			baseConfigurationReference = 5B7EB9410499542E8C5724F5 /* Pods-UiDesign-UiDesignTests.debug.xcconfig */;
			buildSettings = {
				BUNDLE_LOADER = "$(TEST_HOST)";
				GCC_PREPROCESSOR_DEFINITIONS = (
					"DEBUG=1",
					"$(inherited)",
				);
				INFOPLIST_FILE = UiDesignTests/Info.plist;
				IPHONEOS_DEPLOYMENT_TARGET = 11.0;
				LD_RUNPATH_SEARCH_PATHS = (
					"$(inherited)",
					"@executable_path/Frameworks",
					"@loader_path/Frameworks",
				);
				OTHER_LDFLAGS = (
					"-ObjC",
					"-lc++",
					"$(inherited)",
				);
				PRODUCT_BUNDLE_IDENTIFIER = "org.reactjs.native.example.$(PRODUCT_NAME:rfc1034identifier)";
				PRODUCT_NAME = "$(TARGET_NAME)";
				TEST_HOST = "$(BUILT_PRODUCTS_DIR)/UiDesign.app/UiDesign";
			};
			name = Debug;
		};
		00E356F71AD99517003FC87E /* Release */ = {
			isa = XCBuildConfiguration;
			baseConfigurationReference = 89C6BE57DB24E9ADA2F236DE /* Pods-UiDesign-UiDesignTests.release.xcconfig */;
			buildSettings = {
				BUNDLE_LOADER = "$(TEST_HOST)";
				COPY_PHASE_STRIP = NO;
				INFOPLIST_FILE = UiDesignTests/Info.plist;
				IPHONEOS_DEPLOYMENT_TARGET = 11.0;
				LD_RUNPATH_SEARCH_PATHS = (
					"$(inherited)",
					"@executable_path/Frameworks",
					"@loader_path/Frameworks",
				);
				OTHER_LDFLAGS = (
					"-ObjC",
					"-lc++",
					"$(inherited)",
				);
				PRODUCT_BUNDLE_IDENTIFIER = "org.reactjs.native.example.$(PRODUCT_NAME:rfc1034identifier)";
				PRODUCT_NAME = "$(TARGET_NAME)";
				TEST_HOST = "$(BUILT_PRODUCTS_DIR)/UiDesign.app/UiDesign";
			};
			name = Release;
		};
		13B07F941A680F5B00A75B9A /* Debug */ = {
			isa = XCBuildConfiguration;
			baseConfigurationReference = 3B4392A12AC88292D35C810B /* Pods-UiDesign.debug.xcconfig */;
			buildSettings = {
				ASSETCATALOG_COMPILER_APPICON_NAME = AppIcon;
				CLANG_ENABLE_MODULES = YES;
				CURRENT_PROJECT_VERSION = 1;
				ENABLE_BITCODE = NO;
				INFOPLIST_FILE = UiDesign/Info.plist;
				LD_RUNPATH_SEARCH_PATHS = (
					"$(inherited)",
					"@executable_path/Frameworks",
				);
				OTHER_LDFLAGS = (
					"$(inherited)",
					"-ObjC",
					"-lc++",
				);
				PRODUCT_BUNDLE_IDENTIFIER = "org.reactjs.native.example.$(PRODUCT_NAME:rfc1034identifier)";
				PRODUCT_NAME = UiDesign;
				SWIFT_OPTIMIZATION_LEVEL = "-Onone";
				SWIFT_VERSION = 5.0;
				VERSIONING_SYSTEM = "apple-generic";
			};
			name = Debug;
		};
		13B07F951A680F5B00A75B9A /* Release */ = {
			isa = XCBuildConfiguration;
			baseConfigurationReference = 5709B34CF0A7D63546082F79 /* Pods-UiDesign.release.xcconfig */;
			buildSettings = {
				ASSETCATALOG_COMPILER_APPICON_NAME = AppIcon;
				CLANG_ENABLE_MODULES = YES;
				CURRENT_PROJECT_VERSION = 1;
				INFOPLIST_FILE = UiDesign/Info.plist;
				LD_RUNPATH_SEARCH_PATHS = (
					"$(inherited)",
					"@executable_path/Frameworks",
				);
				OTHER_LDFLAGS = (
					"$(inherited)",
					"-ObjC",
					"-lc++",
				);
				PRODUCT_BUNDLE_IDENTIFIER = "org.reactjs.native.example.$(PRODUCT_NAME:rfc1034identifier)";
				PRODUCT_NAME = UiDesign;
				SWIFT_VERSION = 5.0;
				VERSIONING_SYSTEM = "apple-generic";
			};
			name = Release;
		};
		83CBBA201A601CBA00E9B192 /* Debug */ = {
			isa = XCBuildConfiguration;
			buildSettings = {
				ALWAYS_SEARCH_USER_PATHS = NO;
				CLANG_ANALYZER_LOCALIZABILITY_NONLOCALIZED = YES;
				CLANG_CXX_LANGUAGE_STANDARD = "c++17";
				CLANG_CXX_LIBRARY = "libc++";
				CLANG_ENABLE_MODULES = YES;
				CLANG_ENABLE_OBJC_ARC = YES;
				CLANG_WARN_BLOCK_CAPTURE_AUTORELEASING = YES;
				CLANG_WARN_BOOL_CONVERSION = YES;
				CLANG_WARN_COMMA = YES;
				CLANG_WARN_CONSTANT_CONVERSION = YES;
				CLANG_WARN_DEPRECATED_OBJC_IMPLEMENTATIONS = YES;
				CLANG_WARN_DIRECT_OBJC_ISA_USAGE = YES_ERROR;
				CLANG_WARN_EMPTY_BODY = YES;
				CLANG_WARN_ENUM_CONVERSION = YES;
				CLANG_WARN_INFINITE_RECURSION = YES;
				CLANG_WARN_INT_CONVERSION = YES;
				CLANG_WARN_NON_LITERAL_NULL_CONVERSION = YES;
				CLANG_WARN_OBJC_IMPLICIT_RETAIN_SELF = YES;
				CLANG_WARN_OBJC_LITERAL_CONVERSION = YES;
				CLANG_WARN_OBJC_ROOT_CLASS = YES_ERROR;
				CLANG_WARN_QUOTED_INCLUDE_IN_FRAMEWORK_HEADER = YES;
				CLANG_WARN_RANGE_LOOP_ANALYSIS = YES;
				CLANG_WARN_STRICT_PROTOTYPES = YES;
				CLANG_WARN_SUSPICIOUS_MOVE = YES;
				CLANG_WARN_UNREACHABLE_CODE = YES;
				CLANG_WARN__DUPLICATE_METHOD_MATCH = YES;
				"CODE_SIGN_IDENTITY[sdk=iphoneos*]" = "iPhone Developer";
				COPY_PHASE_STRIP = NO;
				ENABLE_STRICT_OBJC_MSGSEND = YES;
				ENABLE_TESTABILITY = YES;
				"EXCLUDED_ARCHS[sdk=iphonesimulator*]" = "";
				GCC_C_LANGUAGE_STANDARD = gnu99;
				GCC_DYNAMIC_NO_PIC = NO;
				GCC_NO_COMMON_BLOCKS = YES;
				GCC_OPTIMIZATION_LEVEL = 0;
				GCC_PREPROCESSOR_DEFINITIONS = (
					"DEBUG=1",
					"$(inherited)",
				);
				GCC_SYMBOLS_PRIVATE_EXTERN = NO;
				GCC_WARN_64_TO_32_BIT_CONVERSION = YES;
				GCC_WARN_ABOUT_RETURN_TYPE = YES_ERROR;
				GCC_WARN_UNDECLARED_SELECTOR = YES;
				GCC_WARN_UNINITIALIZED_AUTOS = YES_AGGRESSIVE;
				GCC_WARN_UNUSED_FUNCTION = YES;
				GCC_WARN_UNUSED_VARIABLE = YES;
				IPHONEOS_DEPLOYMENT_TARGET = 11.0;
				LD_RUNPATH_SEARCH_PATHS = (
					/usr/lib/swift,
					"$(inherited)",
				);
				LIBRARY_SEARCH_PATHS = (
					"\"$(SDKROOT)/usr/lib/swift\"",
					"\"$(TOOLCHAIN_DIR)/usr/lib/swift/$(PLATFORM_NAME)\"",
					"\"$(inherited)\"",
				);
				MTL_ENABLE_DEBUG_INFO = YES;
				ONLY_ACTIVE_ARCH = YES;
				OTHER_CPLUSPLUSFLAGS = (
					"$(OTHER_CFLAGS)",
					"-DFOLLY_NO_CONFIG",
					"-DFOLLY_MOBILE=1",
					"-DFOLLY_USE_LIBCPP=1",
				);
				SDKROOT = iphoneos;
			};
			name = Debug;
		};
		83CBBA211A601CBA00E9B192 /* Release */ = {
			isa = XCBuildConfiguration;
			buildSettings = {
				ALWAYS_SEARCH_USER_PATHS = NO;
				CLANG_ANALYZER_LOCALIZABILITY_NONLOCALIZED = YES;
				CLANG_CXX_LANGUAGE_STANDARD = "c++17";
				CLANG_CXX_LIBRARY = "libc++";
				CLANG_ENABLE_MODULES = YES;
				CLANG_ENABLE_OBJC_ARC = YES;
				CLANG_WARN_BLOCK_CAPTURE_AUTORELEASING = YES;
				CLANG_WARN_BOOL_CONVERSION = YES;
				CLANG_WARN_COMMA = YES;
				CLANG_WARN_CONSTANT_CONVERSION = YES;
				CLANG_WARN_DEPRECATED_OBJC_IMPLEMENTATIONS = YES;
				CLANG_WARN_DIRECT_OBJC_ISA_USAGE = YES_ERROR;
				CLANG_WARN_EMPTY_BODY = YES;
				CLANG_WARN_ENUM_CONVERSION = YES;
				CLANG_WARN_INFINITE_RECURSION = YES;
				CLANG_WARN_INT_CONVERSION = YES;
				CLANG_WARN_NON_LITERAL_NULL_CONVERSION = YES;
				CLANG_WARN_OBJC_IMPLICIT_RETAIN_SELF = YES;
				CLANG_WARN_OBJC_LITERAL_CONVERSION = YES;
				CLANG_WARN_OBJC_ROOT_CLASS = YES_ERROR;
				CLANG_WARN_QUOTED_INCLUDE_IN_FRAMEWORK_HEADER = YES;
				CLANG_WARN_RANGE_LOOP_ANALYSIS = YES;
				CLANG_WARN_STRICT_PROTOTYPES = YES;
				CLANG_WARN_SUSPICIOUS_MOVE = YES;
				CLANG_WARN_UNREACHABLE_CODE = YES;
				CLANG_WARN__DUPLICATE_METHOD_MATCH = YES;
				"CODE_SIGN_IDENTITY[sdk=iphoneos*]" = "iPhone Developer";
				COPY_PHASE_STRIP = YES;
				ENABLE_NS_ASSERTIONS = NO;
				ENABLE_STRICT_OBJC_MSGSEND = YES;
				"EXCLUDED_ARCHS[sdk=iphonesimulator*]" = "";
				GCC_C_LANGUAGE_STANDARD = gnu99;
				GCC_NO_COMMON_BLOCKS = YES;
				GCC_WARN_64_TO_32_BIT_CONVERSION = YES;
				GCC_WARN_ABOUT_RETURN_TYPE = YES_ERROR;
				GCC_WARN_UNDECLARED_SELECTOR = YES;
				GCC_WARN_UNINITIALIZED_AUTOS = YES_AGGRESSIVE;
				GCC_WARN_UNUSED_FUNCTION = YES;
				GCC_WARN_UNUSED_VARIABLE = YES;
				IPHONEOS_DEPLOYMENT_TARGET = 11.0;
				LD_RUNPATH_SEARCH_PATHS = (
					/usr/lib/swift,
					"$(inherited)",
				);
				LIBRARY_SEARCH_PATHS = (
					"\"$(SDKROOT)/usr/lib/swift\"",
					"\"$(TOOLCHAIN_DIR)/usr/lib/swift/$(PLATFORM_NAME)\"",
					"\"$(inherited)\"",
				);
				MTL_ENABLE_DEBUG_INFO = NO;
				OTHER_CPLUSPLUSFLAGS = (
					"$(OTHER_CFLAGS)",
					"-DFOLLY_NO_CONFIG",
					"-DFOLLY_MOBILE=1",
					"-DFOLLY_USE_LIBCPP=1",
				);
				SDKROOT = iphoneos;
				VALIDATE_PRODUCT = YES;
			};
			name = Release;
		};
/* End XCBuildConfiguration section */

/* Begin XCConfigurationList section */
		00E357021AD99517003FC87E /* Build configuration list for PBXNativeTarget "UiDesignTests" */ = {
			isa = XCConfigurationList;
			buildConfigurations = (
				00E356F61AD99517003FC87E /* Debug */,
				00E356F71AD99517003FC87E /* Release */,
			);
			defaultConfigurationIsVisible = 0;
			defaultConfigurationName = Release;
		};
		13B07F931A680F5B00A75B9A /* Build configuration list for PBXNativeTarget "UiDesign" */ = {
			isa = XCConfigurationList;
			buildConfigurations = (
				13B07F941A680F5B00A75B9A /* Debug */,
				13B07F951A680F5B00A75B9A /* Release */,
			);
			defaultConfigurationIsVisible = 0;
			defaultConfigurationName = Release;
		};
		83CBB9FA1A601CBA00E9B192 /* Build configuration list for PBXProject "UiDesign" */ = {
			isa = XCConfigurationList;
			buildConfigurations = (
				83CBBA201A601CBA00E9B192 /* Debug */,
				83CBBA211A601CBA00E9B192 /* Release */,
			);
			defaultConfigurationIsVisible = 0;
			defaultConfigurationName = Release;
		};
/* End XCConfigurationList section */
	};
	rootObject = 83CBB9F71A601CBA00E9B192 /* Project object */;
}
